# THIS IS AN AUTOGENERATED FILE. DO NOT EDIT THIS FILE DIRECTLY.
# yarn lockfile v1


"@types/graphviz@0.0.32":
  version "0.0.32"
  resolved "https://registry.yarnpkg.com/@types/graphviz/-/graphviz-0.0.32.tgz#e2308b9b653842a33327e3bc05d29ef0965281cf"
  integrity sha512-w0jhDSGBtRv+bnTDo7CjbFLPecLiNG+gUhewfMJtr6c4njY623XM6XkND1Jg7cUMAIUNVRlhSqJ/lcC7JOa0qQ==
