# THIS IS AN AUTOGENERATED FILE. DO NOT EDIT THIS FILE DIRECTLY.
# yarn lockfile v1


"@kcutils/error@0.7.5":
  version "0.7.5"
  resolved "https://registry.yarnpkg.com/@kcutils/error/-/error-0.7.5.tgz#0a105c612b8947375abaafb0c5bd1d2e50a80510"
  integrity sha512-I5m86eVbrj2TjwBKHjvM1cYLWAGF3VT0b85g4H6rfB9mXnKnqwcIffpKdOTM/JXFnaP/JQuEO48opbkA89rPdg==
  dependencies:
    "@kcutils/helper" "0.12.5"
    "@kcutils/models" "0.3.0-rc.15"

"@kcutils/helper@0.12.2":
  version "0.12.2"
  resolved "https://registry.yarnpkg.com/@kcutils/helper/-/helper-0.12.2.tgz#5a736fa9d383ec1fd21630f6ed5550c78f55db60"
  integrity sha512-rZxBUvDRMEEGbJfQ1nzzMicYKFCR+jWZOFB6j6EHxdOJzOeeZdUlrmkYnWZETT6s2kXczkKawEzAE58p/1YUXQ==

"@kcutils/helper@0.12.5":
  version "0.12.5"
  resolved "https://registry.yarnpkg.com/@kcutils/helper/-/helper-0.12.5.tgz#6047ddf5e412678f7f8f3bad8a7be7833e305348"
  integrity sha512-iyOVa6Z8KVZgMolPIZLHhpPmT0b47ypN5Suy4qDlC1/+zg2/UprmsiWTV5YjqS7AWhapUV9SRzNs8jNrxY68BQ==

"@kcutils/helper@0.5.0-rc.16":
  version "0.5.0-rc.16"
  resolved "https://registry.yarnpkg.com/@kcutils/helper/-/helper-0.5.0-rc.16.tgz#65047a5aab944de7f7d42834e27a597ea8bd5c33"
  integrity sha512-S6e0VYbhwLhDUVJ8E/GE4DlCYzrIq0UdjIHtFFMQv9BbtFEEw0zblGNedpdawR0gWmei9HWSziZjoHARgyNlOw==

"@kcutils/logger@0.9.3":
  version "0.9.3"
  resolved "https://registry.yarnpkg.com/@kcutils/logger/-/logger-0.9.3.tgz#383e679a05d04f124e2844a1ddf251c2a438b2ee"
  integrity sha512-7qx3RQyxSL5PnGf178BwZXiYEAsITisbomo9MGTwG3iFHydN4XIJVy8GxrWk7linpUOtZqnMAJhU9sM4t2Iczw==
  dependencies:
    "@kcutils/helper" "0.12.2"
    chalk "4.1.0"
    figures "3.2.0"

"@kcutils/models@0.3.0-rc.15":
  version "0.3.0-rc.15"
  resolved "https://registry.yarnpkg.com/@kcutils/models/-/models-0.3.0-rc.15.tgz#8e90c45e94b90719776dbf68a1b4853ac844224e"
  integrity sha512-Hsf6Wg+D2zCYFVi0/aNZjBm+oGgU5m9HpzE0/ro3BpoUtRNFWvsCX9wE/hIZ+cV99fQ2tTxg4tDg5iqWPqaMGA==
  dependencies:
    "@kcutils/helper" "0.5.0-rc.16"

"@types/luxon@1.25.0":
  version "1.25.0"
  resolved "https://registry.yarnpkg.com/@types/luxon/-/luxon-1.25.0.tgz#3d6fe591fac874f48dd225cb5660b2b785a21a05"
  integrity sha512-iIJp2CP6C32gVqI08HIYnzqj55tlLnodIBMCcMf28q9ckqMfMzocCmIzd9JWI/ALLPMUiTkCu1JGv3FFtu6t3g==

ansi-styles@^4.1.0:
  version "4.3.0"
  resolved "https://registry.yarnpkg.com/ansi-styles/-/ansi-styles-4.3.0.tgz#edd803628ae71c04c85ae7a0906edad34b648937"
  integrity sha512-zbB9rCJAT1rbjiVDb2hqKFHNYLxgtk8NURxZ3IZwD3F6NtxbXZQCnnSi1Lkx+IDohdPlFp222wVALIheZJQSEg==
  dependencies:
    color-convert "^2.0.1"

chalk@4.1.0:
  version "4.1.0"
  resolved "https://registry.yarnpkg.com/chalk/-/chalk-4.1.0.tgz#4e14870a618d9e2edd97dd8345fd9d9dc315646a"
  integrity sha512-qwx12AxXe2Q5xQ43Ac//I6v5aXTipYrSESdOgzrN+9XjgEpyjpKuvSGaN4qE93f7TQTlerQQ8S+EQ0EyDoVL1A==
  dependencies:
    ansi-styles "^4.1.0"
    supports-color "^7.1.0"

color-convert@^2.0.1:
  version "2.0.1"
  resolved "https://registry.yarnpkg.com/color-convert/-/color-convert-2.0.1.tgz#72d3a68d598c9bdb3af2ad1e84f21d896abd4de3"
  integrity sha512-RRECPsj7iu/xb5oKYcsFHSppFNnsj/52OVTRKb4zP5onXwVF3zVmmToNcOfGC+CRDpfK/U584fMg38ZHCaElKQ==
  dependencies:
    color-name "~1.1.4"

color-name@~1.1.4:
  version "1.1.4"
  resolved "https://registry.yarnpkg.com/color-name/-/color-name-1.1.4.tgz#c2a09a87acbde69543de6f63fa3995c826c536a2"
  integrity sha512-dOy+3AuW3a2wNbZHIuMZpTcgjGuLU/uBL/ubcZF9OXbDo8ff4O8yVp5Bf0efS8uEoYo5q4Fx7dY9OgQGXgAsQA==

escape-string-regexp@^1.0.5:
  version "1.0.5"
  resolved "https://registry.yarnpkg.com/escape-string-regexp/-/escape-string-regexp-1.0.5.tgz#1b61c0562190a8dff6ae3bb2cf0200ca130b86d4"
  integrity sha1-G2HAViGQqN/2rjuyzwIAyhMLhtQ=

figures@3.2.0:
  version "3.2.0"
  resolved "https://registry.yarnpkg.com/figures/-/figures-3.2.0.tgz#625c18bd293c604dc4a8ddb2febf0c88341746af"
  integrity sha512-yaduQFRKLXYOGgEn6AZau90j3ggSOyiqXU0F9JZfeXYhNa+Jk4X+s45A2zg5jns87GAFa34BBm2kXw4XpNcbdg==
  dependencies:
    escape-string-regexp "^1.0.5"

has-flag@^4.0.0:
  version "4.0.0"
  resolved "https://registry.yarnpkg.com/has-flag/-/has-flag-4.0.0.tgz#944771fd9c81c81265c4d6941860da06bb59479b"
  integrity sha512-EykJT/Q1KjTWctppgIAgfSO0tKVuZUjhgMr17kqTumMl6Afv3EISleU7qZUzoXDFTAHTDC4NOoG/ZxU3EvlMPQ==

luxon@1.25.0:
  version "1.25.0"
  resolved "https://registry.yarnpkg.com/luxon/-/luxon-1.25.0.tgz#d86219e90bc0102c0eb299d65b2f5e95efe1fe72"
  integrity sha512-hEgLurSH8kQRjY6i4YLey+mcKVAWXbDNlZRmM6AgWDJ1cY3atl8Ztf5wEY7VBReFbmGnwQPz7KYJblL8B2k0jQ==

supports-color@^7.1.0:
  version "7.2.0"
  resolved "https://registry.yarnpkg.com/supports-color/-/supports-color-7.2.0.tgz#1b7dcdcb32b8138801b3e478ba6a51caa89648da"
  integrity sha512-qpCAvRl9stuOHveKsn7HncJRvv501qIacKzQlO/+Lwxc9+0q2wLyv4Dfvt80/DPn2pqOBsJdDiogXGR9+OvwRw==
  dependencies:
    has-flag "^4.0.0"
