# THIS IS AN AUTOGENERATED FILE. DO NOT EDIT THIS FILE DIRECTLY.
# yarn lockfile v1


"@kcutils/error@0.7.12":
  version "0.7.12"
  resolved "https://registry.yarnpkg.com/@kcutils/error/-/error-0.7.12.tgz#6d3da0a5b229e8f13f617b52c0a296422bccbc39"
  integrity sha512-Ix3ToGoAZLwN10/VIMW/+72zym+GV3XSRGAW6kkjCdkvrLBcwlkWQ+eMWGKfIpVaDC2jPrCgoE58rbzC322R1A==
  dependencies:
    "@kcutils/helper" "1.1.0"
    "@kcutils/models" "0.3.0-rc.15"

"@kcutils/helper@0.5.0-rc.16":
  version "0.5.0-rc.16"
  resolved "https://registry.yarnpkg.com/@kcutils/helper/-/helper-0.5.0-rc.16.tgz#65047a5aab944de7f7d42834e27a597ea8bd5c33"
  integrity sha512-S6e0VYbhwLhDUVJ8E/GE4DlCYzrIq0UdjIHtFFMQv9BbtFEEw0zblGNedpdawR0gWmei9HWSziZjoHARgyNlOw==

"@kcutils/helper@1.1.0":
  version "1.1.0"
  resolved "https://registry.yarnpkg.com/@kcutils/helper/-/helper-1.1.0.tgz#362f24fad39900be70a8ca00680dfd1b3601a776"
  integrity sha512-1cPbEkuQ5vvfO+WeUjM6KDQMUJuNJo8ggT7ZM5UNhYUUnyENvdOpod0/85eMYPsHMjdVwFYxv+3hDuNxLb+xbQ==

"@kcutils/models@0.3.0-rc.15":
  version "0.3.0-rc.15"
  resolved "https://registry.yarnpkg.com/@kcutils/models/-/models-0.3.0-rc.15.tgz#8e90c45e94b90719776dbf68a1b4853ac844224e"
  integrity sha512-Hsf6Wg+D2zCYFVi0/aNZjBm+oGgU5m9HpzE0/ro3BpoUtRNFWvsCX9wE/hIZ+cV99fQ2tTxg4tDg5iqWPqaMGA==
  dependencies:
    "@kcutils/helper" "0.5.0-rc.16"
